
Microsoft Visual Studio Solution File, Format Version 11.00
# Visual Studio 2010
Project("{2150E333-8FDC-42A3-9474-1A3956D46DE8}") = "Solution Items", "Solution Items", "{AA0B9029-CB37-40F4-A9EF-FA1C53DF1004}"
	ProjectSection(SolutionItems) = preProject
		LocalTestRun.testrunconfig = LocalTestRun.testrunconfig
		UPC.Trabajo.KBHit.vsmdi = UPC.Trabajo.KBHit.vsmdi
	EndProjectSection
EndProject
Project("{FAE04EC0-301F-11D3-BF4B-00C04F79EFBC}") = "UPC.Trabajo.KBHit", "UPC.Trabajo.KBHit\UPC.Trabajo.KBHit.csproj", "{22BE6CD6-3FF0-4BBD-9EF2-D2642C09ECEA}"
EndProject
Project("{FAE04EC0-301F-11D3-BF4B-00C04F79EFBC}") = "UPC.Trabajo.KBHit.BE", "UPC.Trabajo.KBHit.BE\UPC.Trabajo.KBHit.BE.csproj", "{517E03C1-F0A2-4A35-B577-3E50A9D024CC}"
EndProject
Project("{FAE04EC0-301F-11D3-BF4B-00C04F79EFBC}") = "UPC.Trabajo.KBHit.DALC", "UPC.Trabajo.KBHit.DALC\UPC.Trabajo.KBHit.DALC.csproj", "{AFEC6527-7528-4CB3-8AB1-B4DCB320A1C9}"
EndProject
Project("{FAE04EC0-301F-11D3-BF4B-00C04F79EFBC}") = "UPC.Seguridad.BL.BE", "UPC.Seguridad.BL.BE\UPC.Seguridad.BL.BE.csproj", "{EF3075CF-80DC-4DD2-9982-A844A03F9F95}"
EndProject
Project("{FAE04EC0-301F-11D3-BF4B-00C04F79EFBC}") = "UPC.Seguridad.DL.DALC", "UPC.Seguridad.DL.DALC\UPC.Seguridad.DL.DALC.csproj", "{41E1A770-E509-41A1-941C-C3D3A8A49CAF}"
EndProject
Project("{FAE04EC0-301F-11D3-BF4B-00C04F79EFBC}") = "UPC.Seguridad.BL.BC", "UPC.Seguridad.BL.BC\UPC.Seguridad.BL.BC.csproj", "{7D17DBEB-4671-4A95-826C-CFC44E4CC887}"
EndProject
Project("{FAE04EC0-301F-11D3-BF4B-00C04F79EFBC}") = "UPC.Trabajo.KBHit.BC", "UPC.Trabajo.KBHit.BC\UPC.Trabajo.KBHit.BC.csproj", "{8D0B4869-C5E0-4700-BBE4-D2689F3991F8}"
EndProject
Project("{FAE04EC0-301F-11D3-BF4B-00C04F79EFBC}") = "UPC.Trabajo.KBHit.External", "UPC.Trabajo.KBHit.External\UPC.Trabajo.KBHit.External.csproj", "{55C6B5CD-1A1A-4C04-AA47-ADE3F1F5816A}"
EndProject
Project("{FAE04EC0-301F-11D3-BF4B-00C04F79EFBC}") = "Test", "Test\Test.csproj", "{4688B665-C2BA-4E84-9A86-0BB4CE49ED25}"
EndProject
Global
	GlobalSection(TestCaseManagementSettings) = postSolution
		CategoryFile = UPC.Trabajo.KBHit.vsmdi
	EndGlobalSection
	GlobalSection(SolutionConfigurationPlatforms) = preSolution
		Debug|Any CPU = Debug|Any CPU
		Release|Any CPU = Release|Any CPU
	EndGlobalSection
	GlobalSection(ProjectConfigurationPlatforms) = postSolution
		{22BE6CD6-3FF0-4BBD-9EF2-D2642C09ECEA}.Debug|Any CPU.ActiveCfg = Debug|Any CPU
		{22BE6CD6-3FF0-4BBD-9EF2-D2642C09ECEA}.Debug|Any CPU.Build.0 = Debug|Any CPU
		{22BE6CD6-3FF0-4BBD-9EF2-D2642C09ECEA}.Release|Any CPU.ActiveCfg = Release|Any CPU
		{22BE6CD6-3FF0-4BBD-9EF2-D2642C09ECEA}.Release|Any CPU.Build.0 = Release|Any CPU
		{517E03C1-F0A2-4A35-B577-3E50A9D024CC}.Debug|Any CPU.ActiveCfg = Debug|Any CPU
		{517E03C1-F0A2-4A35-B577-3E50A9D024CC}.Debug|Any CPU.Build.0 = Debug|Any CPU
		{517E03C1-F0A2-4A35-B577-3E50A9D024CC}.Release|Any CPU.ActiveCfg = Release|Any CPU
		{517E03C1-F0A2-4A35-B577-3E50A9D024CC}.Release|Any CPU.Build.0 = Release|Any CPU
		{AFEC6527-7528-4CB3-8AB1-B4DCB320A1C9}.Debug|Any CPU.ActiveCfg = Debug|Any CPU
		{AFEC6527-7528-4CB3-8AB1-B4DCB320A1C9}.Debug|Any CPU.Build.0 = Debug|Any CPU
		{AFEC6527-7528-4CB3-8AB1-B4DCB320A1C9}.Release|Any CPU.ActiveCfg = Release|Any CPU
		{AFEC6527-7528-4CB3-8AB1-B4DCB320A1C9}.Release|Any CPU.Build.0 = Release|Any CPU
		{EF3075CF-80DC-4DD2-9982-A844A03F9F95}.Debug|Any CPU.ActiveCfg = Debug|Any CPU
		{EF3075CF-80DC-4DD2-9982-A844A03F9F95}.Debug|Any CPU.Build.0 = Debug|Any CPU
		{EF3075CF-80DC-4DD2-9982-A844A03F9F95}.Release|Any CPU.ActiveCfg = Release|Any CPU
		{EF3075CF-80DC-4DD2-9982-A844A03F9F95}.Release|Any CPU.Build.0 = Release|Any CPU
		{41E1A770-E509-41A1-941C-C3D3A8A49CAF}.Debug|Any CPU.ActiveCfg = Debug|Any CPU
		{41E1A770-E509-41A1-941C-C3D3A8A49CAF}.Debug|Any CPU.Build.0 = Debug|Any CPU
		{41E1A770-E509-41A1-941C-C3D3A8A49CAF}.Release|Any CPU.ActiveCfg = Release|Any CPU
		{41E1A770-E509-41A1-941C-C3D3A8A49CAF}.Release|Any CPU.Build.0 = Release|Any CPU
		{7D17DBEB-4671-4A95-826C-CFC44E4CC887}.Debug|Any CPU.ActiveCfg = Debug|Any CPU
		{7D17DBEB-4671-4A95-826C-CFC44E4CC887}.Debug|Any CPU.Build.0 = Debug|Any CPU
		{7D17DBEB-4671-4A95-826C-CFC44E4CC887}.Release|Any CPU.ActiveCfg = Release|Any CPU
		{7D17DBEB-4671-4A95-826C-CFC44E4CC887}.Release|Any CPU.Build.0 = Release|Any CPU
		{8D0B4869-C5E0-4700-BBE4-D2689F3991F8}.Debug|Any CPU.ActiveCfg = Debug|Any CPU
		{8D0B4869-C5E0-4700-BBE4-D2689F3991F8}.Debug|Any CPU.Build.0 = Debug|Any CPU
		{8D0B4869-C5E0-4700-BBE4-D2689F3991F8}.Release|Any CPU.ActiveCfg = Release|Any CPU
		{8D0B4869-C5E0-4700-BBE4-D2689F3991F8}.Release|Any CPU.Build.0 = Release|Any CPU
		{55C6B5CD-1A1A-4C04-AA47-ADE3F1F5816A}.Debug|Any CPU.ActiveCfg = Debug|Any CPU
		{55C6B5CD-1A1A-4C04-AA47-ADE3F1F5816A}.Debug|Any CPU.Build.0 = Debug|Any CPU
		{55C6B5CD-1A1A-4C04-AA47-ADE3F1F5816A}.Release|Any CPU.ActiveCfg = Release|Any CPU
		{55C6B5CD-1A1A-4C04-AA47-ADE3F1F5816A}.Release|Any CPU.Build.0 = Release|Any CPU
		{4688B665-C2BA-4E84-9A86-0BB4CE49ED25}.Debug|Any CPU.ActiveCfg = Debug|Any CPU
		{4688B665-C2BA-4E84-9A86-0BB4CE49ED25}.Debug|Any CPU.Build.0 = Debug|Any CPU
		{4688B665-C2BA-4E84-9A86-0BB4CE49ED25}.Release|Any CPU.ActiveCfg = Release|Any CPU
		{4688B665-C2BA-4E84-9A86-0BB4CE49ED25}.Release|Any CPU.Build.0 = Release|Any CPU
	EndGlobalSection
	GlobalSection(SolutionProperties) = preSolution
		HideSolutionNode = FALSE
	EndGlobalSection
EndGlobal
